
Microsoft Visual Studio Solution File, Format Version 12.00
# Visual Studio Version 17
VisualStudioVersion = 17.12.35527.113 d17.12
MinimumVisualStudioVersion = 10.0.40219.1
Project("{2150E333-8FDC-42A3-9474-1A3956D46DE8}") = "src", "src", "{C73433D8-9D70-46C0-8F6D-E2715C7E5261}"
EndProject
Project("{2150E333-8FDC-42A3-9474-1A3956D46DE8}") = "shared", "shared", "{A205A3ED-699C-400F-9893-864F05FD63DF}"
EndProject
Project("{2150E333-8FDC-42A3-9474-1A3956D46DE8}") = "services", "services", "{E330089F-0592-420C-B0F8-91CA4D58F7F7}"
EndProject
Project("{FAE04EC0-301F-11D3-BF4B-00C04F79EFBC}") = "ShoppingCart.API", "src\ShoppingCart.API\ShoppingCart.API.csproj", "{3CA05CEF-9E8D-4E16-A890-D3A4C83E0A95}"
EndProject
Global
	GlobalSection(SolutionConfigurationPlatforms) = preSolution
		Debug|Any CPU = Debug|Any CPU
		Release|Any CPU = Release|Any CPU
	EndGlobalSection
	GlobalSection(ProjectConfigurationPlatforms) = postSolution
		{3CA05CEF-9E8D-4E16-A890-D3A4C83E0A95}.Debug|Any CPU.ActiveCfg = Debug|Any CPU
		{3CA05CEF-9E8D-4E16-A890-D3A4C83E0A95}.Debug|Any CPU.Build.0 = Debug|Any CPU
		{3CA05CEF-9E8D-4E16-A890-D3A4C83E0A95}.Release|Any CPU.ActiveCfg = Release|Any CPU
		{3CA05CEF-9E8D-4E16-A890-D3A4C83E0A95}.Release|Any CPU.Build.0 = Release|Any CPU
	EndGlobalSection
	GlobalSection(SolutionProperties) = preSolution
		HideSolutionNode = FALSE
	EndGlobalSection
	GlobalSection(NestedProjects) = preSolution
		{A205A3ED-699C-400F-9893-864F05FD63DF} = {C73433D8-9D70-46C0-8F6D-E2715C7E5261}
		{E330089F-0592-420C-B0F8-91CA4D58F7F7} = {C73433D8-9D70-46C0-8F6D-E2715C7E5261}
		{3CA05CEF-9E8D-4E16-A890-D3A4C83E0A95} = {E330089F-0592-420C-B0F8-91CA4D58F7F7}
	EndGlobalSection
EndGlobal
